Microsoft Visual Studio Solution File, Format Version 12.00
# Visual Studio Version 17
VisualStudioVersion = 17.5.2.0
MinimumVisualStudioVersion = 10.0.40219.1
Project("{FAE04EC0-301F-11D3-BF4B-00C04F79EFBC}") = "ExpenseManagementAPI", "ExpenseManagementAPI.csproj", "{BFBBD0CD-FE34-87AC-6D89-84A18FCCB551}"
EndProject
Global
	GlobalSection(SolutionConfigurationPlatforms) = preSolution
		Debug|Any CPU = Debug|Any CPU
		Release|Any CPU = Release|Any CPU
	EndGlobalSection
	GlobalSection(ProjectConfigurationPlatforms) = postSolution
		{BFBBD0CD-FE34-87AC-6D89-84A18FCCB551}.Debug|Any CPU.ActiveCfg = Debug|Any CPU
		{BFBBD0CD-FE34-87AC-6D89-84A18FCCB551}.Debug|Any CPU.Build.0 = Debug|Any CPU
		{BFBBD0CD-FE34-87AC-6D89-84A18FCCB551}.Release|Any CPU.ActiveCfg = Release|Any CPU
		{BFBBD0CD-FE34-87AC-6D89-84A18FCCB551}.Release|Any CPU.Build.0 = Release|Any CPU
	EndGlobalSection
	GlobalSection(SolutionProperties) = preSolution
		HideSolutionNode = FALSE
	EndGlobalSection
	GlobalSection(ExtensibilityGlobals) = postSolution
		SolutionGuid = {090F0BD5-1255-4C56-A6CF-B5C32DBE4FA1}
	EndGlobalSection
EndGlobal
